// !$*UTF8*$!
{
	archiveVersion = 1;
	classes = {
	};
	objectVersion = 46;
	objects = {

/* Begin PBXBuildFile section */
		966F9774D347DDDC673384E1 /* Pods_DreamTeamKadeem.framework in Frameworks */ = {isa = PBXBuildFile; fileRef = 0A9A01FB682942B8724719B9 /* Pods_DreamTeamKadeem.framework */; };
		9E2710461DF0B015009E7160 /* AppDelegate.swift in Sources */ = {isa = PBXBuildFile; fileRef = 9E2710451DF0B015009E7160 /* AppDelegate.swift */; };
		9E2710481DF0B015009E7160 /* ViewController.swift in Sources */ = {isa = PBXBuildFile; fileRef = 9E2710471DF0B015009E7160 /* ViewController.swift */; };
		9E27104B1DF0B015009E7160 /* Main.storyboard in Resources */ = {isa = PBXBuildFile; fileRef = 9E2710491DF0B015009E7160 /* Main.storyboard */; };
		9E27104D1DF0B015009E7160 /* Assets.xcassets in Resources */ = {isa = PBXBuildFile; fileRef = 9E27104C1DF0B015009E7160 /* Assets.xcassets */; };
		9E2710501DF0B015009E7160 /* LaunchScreen.storyboard in Resources */ = {isa = PBXBuildFile; fileRef = 9E27104E1DF0B015009E7160 /* LaunchScreen.storyboard */; };
/* End PBXBuildFile section */

/* Begin PBXFileReference section */
		0A9A01FB682942B8724719B9 /* Pods_DreamTeamKadeem.framework */ = {isa = PBXFileReference; explicitFileType = wrapper.framework; includeInIndex = 0; path = Pods_DreamTeamKadeem.framework; sourceTree = BUILT_PRODUCTS_DIR; };
		2C0595D699B39D499F680255 /* Pods-DreamTeamKadeem.debug.xcconfig */ = {isa = PBXFileReference; includeInIndex = 1; lastKnownFileType = text.xcconfig; name = "Pods-DreamTeamKadeem.debug.xcconfig"; path = "Pods/Target Support Files/Pods-DreamTeamKadeem/Pods-DreamTeamKadeem.debug.xcconfig"; sourceTree = "<group>"; };
		9E2710421DF0B015009E7160 /* DreamTeamKadeem.app */ = {isa = PBXFileReference; explicitFileType = wrapper.application; includeInIndex = 0; path = DreamTeamKadeem.app; sourceTree = BUILT_PRODUCTS_DIR; };
		9E2710451DF0B015009E7160 /* AppDelegate.swift */ = {isa = PBXFileReference; lastKnownFileType = sourcecode.swift; path = AppDelegate.swift; sourceTree = "<group>"; };
		9E2710471DF0B015009E7160 /* ViewController.swift */ = {isa = PBXFileReference; lastKnownFileType = sourcecode.swift; path = ViewController.swift; sourceTree = "<group>"; };
		9E27104A1DF0B015009E7160 /* Base */ = {isa = PBXFileReference; lastKnownFileType = file.storyboard; name = Base; path = Base.lproj/Main.storyboard; sourceTree = "<group>"; };
		9E27104C1DF0B015009E7160 /* Assets.xcassets */ = {isa = PBXFileReference; lastKnownFileType = folder.assetcatalog; path = Assets.xcassets; sourceTree = "<group>"; };
		9E27104F1DF0B015009E7160 /* Base */ = {isa = PBXFileReference; lastKnownFileType = file.storyboard; name = Base; path = Base.lproj/LaunchScreen.storyboard; sourceTree = "<group>"; };
		9E2710511DF0B015009E7160 /* Info.plist */ = {isa = PBXFileReference; lastKnownFileType = text.plist.xml; path = Info.plist; sourceTree = "<group>"; };
		F607EEF0E70467FEEB81B7D5 /* Pods-DreamTeamKadeem.release.xcconfig */ = {isa = PBXFileReference; includeInIndex = 1; lastKnownFileType = text.xcconfig; name = "Pods-DreamTeamKadeem.release.xcconfig"; path = "Pods/Target Support Files/Pods-DreamTeamKadeem/Pods-DreamTeamKadeem.release.xcconfig"; sourceTree = "<group>"; };
/* End PBXFileReference section */

/* Begin PBXFrameworksBuildPhase section */
		9E27103F1DF0B014009E7160 /* Frameworks */ = {
			isa = PBXFrameworksBuildPhase;
			buildActionMask = 2147483647;
			files = (
				966F9774D347DDDC673384E1 /* Pods_DreamTeamKadeem.framework in Frameworks */,
			);
			runOnlyForDeploymentPostprocessing = 0;
		};
/* End PBXFrameworksBuildPhase section */

/* Begin PBXGroup section */
		335F18417661A4F05309DE66 /* Frameworks */ = {
			isa = PBXGroup;
			children = (
				0A9A01FB682942B8724719B9 /* Pods_DreamTeamKadeem.framework */,
			);
			name = Frameworks;
			sourceTree = "<group>";
		};
		5BA3AA92DF1F03F9A70D19DE /* Pods */ = {
			isa = PBXGroup;
			children = (
				2C0595D699B39D499F680255 /* Pods-DreamTeamKadeem.debug.xcconfig */,
				F607EEF0E70467FEEB81B7D5 /* Pods-DreamTeamKadeem.release.xcconfig */,
			);
			name = Pods;
			sourceTree = "<group>";
		};
		9E2710391DF0B014009E7160 = {
			isa = PBXGroup;
			children = (
				9E2710441DF0B015009E7160 /* DreamTeamKadeem */,
				9E2710431DF0B015009E7160 /* Products */,
				5BA3AA92DF1F03F9A70D19DE /* Pods */,
				335F18417661A4F05309DE66 /* Frameworks */,
			);
			sourceTree = "<group>";
		};
		9E2710431DF0B015009E7160 /* Products */ = {
			isa = PBXGroup;
			children = (
				9E2710421DF0B015009E7160 /* DreamTeamKadeem.app */,
			);
			name = Products;
			sourceTree = "<group>";
		};
		9E2710441DF0B015009E7160 /* DreamTeamKadeem */ = {
			isa = PBXGroup;
			children = (
				9E2710451DF0B015009E7160 /* AppDelegate.swift */,
				9E2710471DF0B015009E7160 /* ViewController.swift */,
				9E2710491DF0B015009E7160 /* Main.storyboard */,
				9E27104C1DF0B015009E7160 /* Assets.xcassets */,
				9E27104E1DF0B015009E7160 /* LaunchScreen.storyboard */,
				9E2710511DF0B015009E7160 /* Info.plist */,
			);
			path = DreamTeamKadeem;
			sourceTree = "<group>";
		};
/* End PBXGroup section */

/* Begin PBXNativeTarget section */
		9E2710411DF0B014009E7160 /* DreamTeamKadeem */ = {
			isa = PBXNativeTarget;
			buildConfigurationList = 9E2710541DF0B015009E7160 /* Build configuration list for PBXNativeTarget "DreamTeamKadeem" */;
			buildPhases = (
				4E4E4148D11FE9878FE8BA90 /* [CP] Check Pods Manifest.lock */,
				9E27103E1DF0B014009E7160 /* Sources */,
				9E27103F1DF0B014009E7160 /* Frameworks */,
				9E2710401DF0B014009E7160 /* Resources */,
				3D67BB837004345AF5AB3A7D /* [CP] Embed Pods Frameworks */,
				5161433507DE2472FD8B6335 /* [CP] Copy Pods Resources */,
			);
			buildRules = (
			);
			dependencies = (
			);
			name = DreamTeamKadeem;
			productName = DreamTeamKadeem;
			productReference = 9E2710421DF0B015009E7160 /* DreamTeamKadeem.app */;
			productType = "com.apple.product-type.application";
		};
/* End PBXNativeTarget section */

/* Begin PBXProject section */
		9E27103A1DF0B014009E7160 /* Project object */ = {
			isa = PBXProject;
			attributes = {
				LastSwiftUpdateCheck = 0810;
				LastUpgradeCheck = 0810;
				ORGANIZATIONNAME = "Victor Zhong";
				TargetAttributes = {
					9E2710411DF0B014009E7160 = {
						CreatedOnToolsVersion = 8.1;
						ProvisioningStyle = Automatic;
					};
				};
			};
			buildConfigurationList = 9E27103D1DF0B014009E7160 /* Build configuration list for PBXProject "DreamTeamKadeem" */;
			compatibilityVersion = "Xcode 3.2";
			developmentRegion = English;
			hasScannedForEncodings = 0;
			knownRegions = (
				en,
				Base,
			);
			mainGroup = 9E2710391DF0B014009E7160;
			productRefGroup = 9E2710431DF0B015009E7160 /* Products */;
			projectDirPath = "";
			projectRoot = "";
			targets = (
				9E2710411DF0B014009E7160 /* DreamTeamKadeem */,
			);
		};
/* End PBXProject section */

/* Begin PBXResourcesBuildPhase section */
		9E2710401DF0B014009E7160 /* Resources */ = {
			isa = PBXResourcesBuildPhase;
			buildActionMask = 2147483647;
			files = (
				9E2710501DF0B015009E7160 /* LaunchScreen.storyboard in Resources */,
				9E27104D1DF0B015009E7160 /* Assets.xcassets in Resources */,
				9E27104B1DF0B015009E7160 /* Main.storyboard in Resources */,
			);
			runOnlyForDeploymentPostprocessing = 0;
		};
/* End PBXResourcesBuildPhase section */

/* Begin PBXShellScriptBuildPhase section */
		3D67BB837004345AF5AB3A7D /* [CP] Embed Pods Frameworks */ = {
			isa = PBXShellScriptBuildPhase;
			buildActionMask = 2147483647;
			files = (
			);
			inputPaths = (
			);
			name = "[CP] Embed Pods Frameworks";
			outputPaths = (
			);
			runOnlyForDeploymentPostprocessing = 0;
			shellPath = /bin/sh;
			shellScript = "\"${SRCROOT}/Pods/Target Support Files/Pods-DreamTeamKadeem/Pods-DreamTeamKadeem-frameworks.sh\"\n";
			showEnvVarsInLog = 0;
		};
		4E4E4148D11FE9878FE8BA90 /* [CP] Check Pods Manifest.lock */ = {
			isa = PBXShellScriptBuildPhase;
			buildActionMask = 2147483647;
			files = (
			);
			inputPaths = (
			);
			name = "[CP] Check Pods Manifest.lock";
			outputPaths = (
			);
			runOnlyForDeploymentPostprocessing = 0;
			shellPath = /bin/sh;
			shellScript = "diff \"${PODS_ROOT}/../Podfile.lock\" \"${PODS_ROOT}/Manifest.lock\" > /dev/null\nif [ $? != 0 ] ; then\n    # print error to STDERR\n    echo \"error: The sandbox is not in sync with the Podfile.lock. Run 'pod install' or update your CocoaPods installation.\" >&2\n    exit 1\nfi\n";
			showEnvVarsInLog = 0;
		};
		5161433507DE2472FD8B6335 /* [CP] Copy Pods Resources */ = {
			isa = PBXShellScriptBuildPhase;
			buildActionMask = 2147483647;
			files = (
			);
			inputPaths = (
			);
			name = "[CP] Copy Pods Resources";
			outputPaths = (
			);
			runOnlyForDeploymentPostprocessing = 0;
			shellPath = /bin/sh;
			shellScript = "\"${SRCROOT}/Pods/Target Support Files/Pods-DreamTeamKadeem/Pods-DreamTeamKadeem-resources.sh\"\n";
			showEnvVarsInLog = 0;
		};
/* End PBXShellScriptBuildPhase section */

/* Begin PBXSourcesBuildPhase section */
		9E27103E1DF0B014009E7160 /* Sources */ = {
			isa = PBXSourcesBuildPhase;
			buildActionMask = 2147483647;
			files = (
				9E2710481DF0B015009E7160 /* ViewController.swift in Sources */,
				9E2710461DF0B015009E7160 /* AppDelegate.swift in Sources */,
			);
			runOnlyForDeploymentPostprocessing = 0;
		};
/* End PBXSourcesBuildPhase section */

/* Begin PBXVariantGroup section */
		9E2710491DF0B015009E7160 /* Main.storyboard */ = {
			isa = PBXVariantGroup;
			children = (
				9E27104A1DF0B015009E7160 /* Base */,
			);
			name = Main.storyboard;
			sourceTree = "<group>";
		};
		9E27104E1DF0B015009E7160 /* LaunchScreen.storyboard */ = {
			isa = PBXVariantGroup;
			children = (
				9E27104F1DF0B015009E7160 /* Base */,
			);
			name = LaunchScreen.storyboard;
			sourceTree = "<group>";
		};
/* End PBXVariantGroup section */

/* Begin XCBuildConfiguration section */
		9E2710521DF0B015009E7160 /* Debug */ = {
			isa = XCBuildConfiguration;
			buildSettings = {
				ALWAYS_SEARCH_USER_PATHS = NO;
				CLANG_ANALYZER_NONNULL = YES;
				CLANG_CXX_LANGUAGE_STANDARD = "gnu++0x";
				CLANG_CXX_LIBRARY = "libc++";
				CLANG_ENABLE_MODULES = YES;
				CLANG_ENABLE_OBJC_ARC = YES;
				CLANG_WARN_BOOL_CONVERSION = YES;
				CLANG_WARN_CONSTANT_CONVERSION = YES;
				CLANG_WARN_DIRECT_OBJC_ISA_USAGE = YES_ERROR;
				CLANG_WARN_DOCUMENTATION_COMMENTS = YES;
				CLANG_WARN_EMPTY_BODY = YES;
				CLANG_WARN_ENUM_CONVERSION = YES;
				CLANG_WARN_INFINITE_RECURSION = YES;
				CLANG_WARN_INT_CONVERSION = YES;
				CLANG_WARN_OBJC_ROOT_CLASS = YES_ERROR;
				CLANG_WARN_SUSPICIOUS_MOVES = YES;
				CLANG_WARN_UNREACHABLE_CODE = YES;
				CLANG_WARN__DUPLICATE_METHOD_MATCH = YES;
				"CODE_SIGN_IDENTITY[sdk=iphoneos*]" = "iPhone Developer";
				COPY_PHASE_STRIP = NO;
				DEBUG_INFORMATION_FORMAT = dwarf;
				ENABLE_STRICT_OBJC_MSGSEND = YES;
				ENABLE_TESTABILITY = YES;
				GCC_C_LANGUAGE_STANDARD = gnu99;
				GCC_DYNAMIC_NO_PIC = NO;
				GCC_NO_COMMON_BLOCKS = YES;
				GCC_OPTIMIZATION_LEVEL = 0;
				GCC_PREPROCESSOR_DEFINITIONS = (
					"DEBUG=1",
					"$(inherited)",
				);
				GCC_WARN_64_TO_32_BIT_CONVERSION = YES;
				GCC_WARN_ABOUT_RETURN_TYPE = YES_ERROR;
				GCC_WARN_UNDECLARED_SELECTOR = YES;
				GCC_WARN_UNINITIALIZED_AUTOS = YES_AGGRESSIVE;
				GCC_WARN_UNUSED_FUNCTION = YES;
				GCC_WARN_UNUSED_VARIABLE = YES;
				IPHONEOS_DEPLOYMENT_TARGET = 10.1;
				MTL_ENABLE_DEBUG_INFO = YES;
				ONLY_ACTIVE_ARCH = YES;
				SDKROOT = iphoneos;
				SWIFT_ACTIVE_COMPILATION_CONDITIONS = DEBUG;
				SWIFT_OPTIMIZATION_LEVEL = "-Onone";
				TARGETED_DEVICE_FAMILY = "1,2";
			};
			name = Debug;
		};
		9E2710531DF0B015009E7160 /* Release */ = {
			isa = XCBuildConfiguration;
			buildSettings = {
				ALWAYS_SEARCH_USER_PATHS = NO;
				CLANG_ANALYZER_NONNULL = YES;
				CLANG_CXX_LANGUAGE_STANDARD = "gnu++0x";
				CLANG_CXX_LIBRARY = "libc++";
				CLANG_ENABLE_MODULES = YES;
				CLANG_ENABLE_OBJC_ARC = YES;
				CLANG_WARN_BOOL_CONVERSION = YES;
				CLANG_WARN_CONSTANT_CONVERSION = YES;
				CLANG_WARN_DIRECT_OBJC_ISA_USAGE = YES_ERROR;
				CLANG_WARN_DOCUMENTATION_COMMENTS = YES;
				CLANG_WARN_EMPTY_BODY = YES;
				CLANG_WARN_ENUM_CONVERSION = YES;
				CLANG_WARN_INFINITE_RECURSION = YES;
				CLANG_WARN_INT_CONVERSION = YES;
				CLANG_WARN_OBJC_ROOT_CLASS = YES_ERROR;
				CLANG_WARN_SUSPICIOUS_MOVES = YES;
				CLANG_WARN_UNREACHABLE_CODE = YES;
				CLANG_WARN__DUPLICATE_METHOD_MATCH = YES;
				"CODE_SIGN_IDENTITY[sdk=iphoneos*]" = "iPhone Developer";
				COPY_PHASE_STRIP = NO;
				DEBUG_INFORMATION_FORMAT = "dwarf-with-dsym";
				ENABLE_NS_ASSERTIONS = NO;
				ENABLE_STRICT_OBJC_MSGSEND = YES;
				GCC_C_LANGUAGE_STANDARD = gnu99;
				GCC_NO_COMMON_BLOCKS = YES;
				GCC_WARN_64_TO_32_BIT_CONVERSION = YES;
				GCC_WARN_ABOUT_RETURN_TYPE = YES_ERROR;
				GCC_WARN_UNDECLARED_SELECTOR = YES;
				GCC_WARN_UNINITIALIZED_AUTOS = YES_AGGRESSIVE;
				GCC_WARN_UNUSED_FUNCTION = YES;
				GCC_WARN_UNUSED_VARIABLE = YES;
				IPHONEOS_DEPLOYMENT_TARGET = 10.1;
				MTL_ENABLE_DEBUG_INFO = NO;
				SDKROOT = iphoneos;
				SWIFT_OPTIMIZATION_LEVEL = "-Owholemodule";
				TARGETED_DEVICE_FAMILY = "1,2";
				VALIDATE_PRODUCT = YES;
			};
			name = Release;
		};
		9E2710551DF0B015009E7160 /* Debug */ = {
			isa = XCBuildConfiguration;
			baseConfigurationReference = 2C0595D699B39D499F680255 /* Pods-DreamTeamKadeem.debug.xcconfig */;
			buildSettings = {
				ASSETCATALOG_COMPILER_APPICON_NAME = AppIcon;
				INFOPLIST_FILE = DreamTeamKadeem/Info.plist;
				LD_RUNPATH_SEARCH_PATHS = "$(inherited) @executable_path/Frameworks";
				PRODUCT_BUNDLE_IDENTIFIER = nyc.c4q.viczhong.DreamTeamKadeem;
				PRODUCT_NAME = "$(TARGET_NAME)";
				SWIFT_VERSION = 3.0;
			};
			name = Debug;
		};
		9E2710561DF0B015009E7160 /* Release */ = {
			isa = XCBuildConfiguration;
			baseConfigurationReference = F607EEF0E70467FEEB81B7D5 /* Pods-DreamTeamKadeem.release.xcconfig */;
			buildSettings = {
				ASSETCATALOG_COMPILER_APPICON_NAME = AppIcon;
				INFOPLIST_FILE = DreamTeamKadeem/Info.plist;
				LD_RUNPATH_SEARCH_PATHS = "$(inherited) @executable_path/Frameworks";
				PRODUCT_BUNDLE_IDENTIFIER = nyc.c4q.viczhong.DreamTeamKadeem;
				PRODUCT_NAME = "$(TARGET_NAME)";
				SWIFT_VERSION = 3.0;
			};
			name = Release;
		};
/* End XCBuildConfiguration section */

/* Begin XCConfigurationList section */
		9E27103D1DF0B014009E7160 /* Build configuration list for PBXProject "DreamTeamKadeem" */ = {
			isa = XCConfigurationList;
			buildConfigurations = (
				9E2710521DF0B015009E7160 /* Debug */,
				9E2710531DF0B015009E7160 /* Release */,
			);
			defaultConfigurationIsVisible = 0;
			defaultConfigurationName = Release;
		};
		9E2710541DF0B015009E7160 /* Build configuration list for PBXNativeTarget "DreamTeamKadeem" */ = {
			isa = XCConfigurationList;
			buildConfigurations = (
				9E2710551DF0B015009E7160 /* Debug */,
				9E2710561DF0B015009E7160 /* Release */,
			);
			defaultConfigurationIsVisible = 0;
		};
/* End XCConfigurationList section */
	};
	rootObject = 9E27103A1DF0B014009E7160 /* Project object */;
}
